{
  "version": "2",
  "remote": {
    "https://deno.land/std@0.117.0/async/deadline.ts": "1d6ac7aeaee22f75eb86e4e105d6161118aad7b41ae2dd14f4cfd3bf97472b93",
    "https://deno.land/std@0.117.0/async/debounce.ts": "b2f693e4baa16b62793fd618de6c003b63228db50ecfe3bd51fc5f6dc0bc264b",
    "https://deno.land/std@0.117.0/async/deferred.ts": "ab60d46ba561abb3b13c0c8085d05797a384b9f182935f051dc67136817acdee",
    "https://deno.land/std@0.117.0/async/delay.ts": "f2d8ccaa8ebc26594bd8b0989edfd8a96257a714c1dee2fb54d986e5bdd840ac",
    "https://deno.land/std@0.117.0/async/mod.ts": "78425176fabea7bd1046ce3819fd69ce40da85c83e0f174d17e8e224a91f7d10",
    "https://deno.land/std@0.117.0/async/mux_async_iterator.ts": "62abff3af9ff619e8f2adc96fc70d4ca020fa48a50c23c13f12d02ed2b760dbe",
    "https://deno.land/std@0.117.0/async/pool.ts": "353ce4f91865da203a097aa6f33de8966340c91b6f4a055611c8c5d534afd12f",
    "https://deno.land/std@0.117.0/async/tee.ts": "3e9f2ef6b36e55188de16a667c702ace4ad0cf84e3720379160e062bf27348ad",
    "https://deno.land/std@0.117.0/http/server.ts": "83d48abb6693efdda5233fa4987596f5648611f1a1a36db266deee17c6596574",
    "https://deno.land/std@0.152.0/dotenv/mod.ts": "3ad3c1caddb82bf9413686e8cfe24272b77089bc15e8840bdeccad4655e3a8db",
    "https://deno.land/std@0.152.0/dotenv/util.ts": "6cc392f087577a26a27f0463f77cc0c31a390aa055917099935b36eb2454592d",
    "https://deno.land/std@0.163.0/_util/assert.ts": "e94f2eb37cebd7f199952e242c77654e43333c1ac4c5c700e929ea3aa5489f74",
    "https://deno.land/std@0.163.0/datetime/formatter.ts": "7c8e6d16a0950f400aef41b9f1eb9168249869776ec520265dfda785d746589e",
    "https://deno.land/std@0.163.0/datetime/mod.ts": "ea927ca96dfb28c7b9a5eed5bdc7ac46bb9db38038c4922631895cea342fea87",
    "https://deno.land/std@0.163.0/datetime/tokenizer.ts": "7381e28f6ab51cb504c7e132be31773d73ef2f3e1e50a812736962b9df1e8c47",
    "https://deno.land/std@0.163.0/http/cookie.ts": "7a61e920f19c9c3ee8e07befe5fe5a530114d6babefd9ba2c50594cab724a822",
    "https://deno.land/x/htm@0.0.10/mod.tsx": "59e6ccfb5c1742e0b4449e6df62115b9c8dbe732a826fa0aa089f46308519e35",
    "https://deno.land/x/htm@0.0.10/plugins.ts": "f0286e102fd5b04058c5887f1570ea465917c0f50431984e958af1782c03c38f",
    "https://esm.sh/@planetscale/database@1.4.0": "80ace509d2b631b92b57096a7ea4e6ff9913830ee8918062dee3cf01fba27970",
    "https://esm.sh/@unocss/core@0.41.0": "f1a949564f4c04cfeb8f70211ee5910532cb48ff02fe9fddb2c90ef4d2514c84",
    "https://esm.sh/@unocss/preset-wind@0.41.0?bundle&no-check": "7c5e2e500f6b5ef4f1919908acb716d26a71987e3d76f571a2bdd881f2941393",
    "https://esm.sh/preact-render-to-string@5.2.0?deps=preact@10.8.2": "9cd7808f632ec1e955e95890c567c700e8b2f442e05ec5d0448cc3314a07e7ca",
    "https://esm.sh/preact@10.7.2": "d2442cd0bfdc57098480da7f69eb39703156c9cd258686ed64c2468bb6a04880",
    "https://esm.sh/preact@10.8.2": "c7bf29d87e9f50cbdcc1972ae9a955c2f790384a9d19b7009f9a295d8b6c6151",
    "https://esm.sh/stable/preact@10.7.2/deno/preact.js": "af8af6e2d9d9e04c9964d2418e013cdb78058a169d12dba4db11bb31ef40520e",
    "https://esm.sh/stable/preact@10.8.2/deno/preact.js": "031934aaff31a664c55e6ec201d5c0b03c3084fecd958b7e2eecc90a2402fa6e",
    "https://esm.sh/v96/@antfu/utils@0.5.2/index.d.ts": "b55dd2eb5ced2eec9fbac96be6fe8d5c30cb9fd875fd47f711882c7e3c2a857d",
    "https://esm.sh/v96/@unocss/core@0.41.0/deno/core.js": "3b807622effc35709c471a7799c34f350492959da148399f31fd9c707af70532",
    "https://esm.sh/v96/@unocss/core@0.41.0/dist/index.d.ts": "50a87ee81e10852b7eafbfb2878d65928a64ac78cc4c8b712ef50f1c5bbd5d66",
    "https://esm.sh/v96/@unocss/preset-wind@0.41.0/deno/preset-wind.bundle.js": "4fc19c3459f1521b44475c895832b33bbb98ff5776849297ce621187322365fd",
    "https://esm.sh/v96/magic-string@0.26.4/index.d.ts": "88587fc66417cffb9b07fbd85807a6b6b539a83582f5dbf133b4bff6aac73d99",
    "https://esm.sh/v96/preact-render-to-string@5.2.0/X-ZC9wcmVhY3RAMTAuOC4y/deno/preact-render-to-string.js": "9da93b0010b1009ad3e08f3acf786bbcdbde5c0cf0388a69d1df2891d70f6523",
    "https://esm.sh/v96/preact-render-to-string@5.2.0/X-ZC9wcmVhY3RAMTAuOC4y/src/index.d.ts": "d50351c82f5cbdae1a5d859fcd8e9e4467ba17365358f80f2f4357415853d397",
    "https://esm.sh/v96/preact@10.7.2/src/index.d.ts": "d3e2e5125321d592d2458226f311de66411f2fa949e546cbaaefa533c4fb89e3",
    "https://esm.sh/v96/preact@10.7.2/src/jsx.d.ts": "34f373b3884220b13db52d54272a8c2f2c20e56d7c931523fc64bd6645240897",
    "https://esm.sh/v96/preact@10.8.2/src/index.d.ts": "d3e2e5125321d592d2458226f311de66411f2fa949e546cbaaefa533c4fb89e3",
    "https://esm.sh/v96/preact@10.8.2/src/jsx.d.ts": "c5d73e52438e7ce5f9333778aad2c38f5f45023c5035d0cc309badceb2ba2a55",
    "https://esm.sh/v96/unconfig@0.3.6/dist/index.d.ts": "99d9d6e38103f60b77220b82155c1bde39488cf4abe73c155ea296b722dd730e",
    "https://esm.sh/v96/unconfig@0.3.6/dist/types-6886c41e.d.ts": "9f28b535367ca108e5c2b40912e7dbd8eeacf559984e6eb50f115e4ff0d9b504",
    "https://esm.sh/v98/@planetscale/database@1.4.0/deno/database.js": "bff5b38e18246005a5cdac6f418869bda01cfab90bffb5259aab120c0876fce2",
    "https://esm.sh/v98/@planetscale/database@1.4.0/dist/index.d.js~.d.ts": "854cdc32752c20a63ea380b17a93c803d6d1e06fa939fdc231732a7b35e8a906",
    "https://raw.githubusercontent.com/windchime-yk/deno-util/v1.4.0/object.ts": "9eb6eb93c4733a857500538c5233c9f619622ea32acc44f2892a8a3cd12a8947",
    "https://raw.githubusercontent.com/windchime-yk/deno-util/v1.4.0/server.ts": "16789bc3e5fb9909f8555bbfb3ff8cf203ebf56dd4d6596bd4d9e38e94367361",
    "https://raw.githubusercontent.com/windchime-yk/deno-util/v1.6.0/text.ts": "14977707395643f81097d2775670a51b622aeb68a737a118ebe6765706590b7f"
  }
}
